
Microsoft Visual Studio Solution File, Format Version 12.00
# Visual Studio 15
VisualStudioVersion = 15.0.28307.572
MinimumVisualStudioVersion = 10.0.40219.1
Project("{FAE04EC0-301F-11D3-BF4B-00C04F79EFBC}") = "NamuDarbas1", "NamuDarbas1\NamuDarbas1.csproj", "{365465D4-8CA2-43CE-AC84-F93C3129D62D}"
EndProject
Global
	GlobalSection(SolutionConfigurationPlatforms) = preSolution
		Debug|Any CPU = Debug|Any CPU
		Release|Any CPU = Release|Any CPU
	EndGlobalSection
	GlobalSection(ProjectConfigurationPlatforms) = postSolution
		{365465D4-8CA2-43CE-AC84-F93C3129D62D}.Debug|Any CPU.ActiveCfg = Debug|Any CPU
		{365465D4-8CA2-43CE-AC84-F93C3129D62D}.Debug|Any CPU.Build.0 = Debug|Any CPU
		{365465D4-8CA2-43CE-AC84-F93C3129D62D}.Release|Any CPU.ActiveCfg = Release|Any CPU
		{365465D4-8CA2-43CE-AC84-F93C3129D62D}.Release|Any CPU.Build.0 = Release|Any CPU
	EndGlobalSection
	GlobalSection(SolutionProperties) = preSolution
		HideSolutionNode = FALSE
	EndGlobalSection
	GlobalSection(ExtensibilityGlobals) = postSolution
		SolutionGuid = {0C135673-73C6-43E1-BD84-11093F22B8A4}
	EndGlobalSection
EndGlobal
